
Microsoft Visual Studio Solution File, Format Version 12.00
# Visual Studio Version 17
VisualStudioVersion = 17.6.33927.249
MinimumVisualStudioVersion = 10.0.40219.1
Project("{FAE04EC0-301F-11D3-BF4B-00C04F79EFBC}") = "dingtalk-stream-sdk-csharp", "dingtalk-stream-sdk-csharp.csproj", "{80EB4250-FFA7-47A5-A301-C7F3183F2053}"
EndProject
Global
	GlobalSection(SolutionConfigurationPlatforms) = preSolution
		Debug|Any CPU = Debug|Any CPU
		Release|Any CPU = Release|Any CPU
	EndGlobalSection
	GlobalSection(ProjectConfigurationPlatforms) = postSolution
		{80EB4250-FFA7-47A5-A301-C7F3183F2053}.Debug|Any CPU.ActiveCfg = Debug|Any CPU
		{80EB4250-FFA7-47A5-A301-C7F3183F2053}.Debug|Any CPU.Build.0 = Debug|Any CPU
		{80EB4250-FFA7-47A5-A301-C7F3183F2053}.Release|Any CPU.ActiveCfg = Release|Any CPU
		{80EB4250-FFA7-47A5-A301-C7F3183F2053}.Release|Any CPU.Build.0 = Release|Any CPU
	EndGlobalSection
	GlobalSection(SolutionProperties) = preSolution
		HideSolutionNode = FALSE
	EndGlobalSection
	GlobalSection(ExtensibilityGlobals) = postSolution
		SolutionGuid = {D1592414-CBB9-43AF-A9BC-38BCAC479E9A}
	EndGlobalSection
EndGlobal
